// !$*UTF8*$!
{
	archiveVersion = 1;
	classes = {
	};
	objectVersion = 55;
	objects = {

/* Begin PBXBuildFile section */
		AA22DAAE2884B1B700A2E621 /* ExtHomeView.swift in Sources */ = {isa = PBXBuildFile; fileRef = AA22DAAD2884B1B700A2E621 /* ExtHomeView.swift */; };
		AA8A270A287FCF88009DFF9B /* AppDelegate.swift in Sources */ = {isa = PBXBuildFile; fileRef = AA8A2709287FCF88009DFF9B /* AppDelegate.swift */; };
		AA8A270C287FCF88009DFF9B /* SceneDelegate.swift in Sources */ = {isa = PBXBuildFile; fileRef = AA8A270B287FCF88009DFF9B /* SceneDelegate.swift */; };
		AA8A2713287FCF8A009DFF9B /* Assets.xcassets in Resources */ = {isa = PBXBuildFile; fileRef = AA8A2712287FCF8A009DFF9B /* Assets.xcassets */; };
		AA8A2716287FCF8A009DFF9B /* LaunchScreen.storyboard in Resources */ = {isa = PBXBuildFile; fileRef = AA8A2714287FCF8A009DFF9B /* LaunchScreen.storyboard */; };
		AA8A2726287FD161009DFF9B /* HomeRouter.swift in Sources */ = {isa = PBXBuildFile; fileRef = AA8A2725287FD161009DFF9B /* HomeRouter.swift */; };
		AA8A272B287FD32E009DFF9B /* HomeViewModel.swift in Sources */ = {isa = PBXBuildFile; fileRef = AA8A272A287FD32E009DFF9B /* HomeViewModel.swift */; };
		AA8A272D287FD34C009DFF9B /* HomeModel.swift in Sources */ = {isa = PBXBuildFile; fileRef = AA8A272C287FD34C009DFF9B /* HomeModel.swift */; };
		AA8A2731287FD4D3009DFF9B /* HomeView.swift in Sources */ = {isa = PBXBuildFile; fileRef = AA8A272F287FD4D3009DFF9B /* HomeView.swift */; };
		AA8A2732287FD4D3009DFF9B /* HomeView.xib in Resources */ = {isa = PBXBuildFile; fileRef = AA8A2730287FD4D3009DFF9B /* HomeView.xib */; };
		AAD953552884995B00591EE3 /* Constants.swift in Sources */ = {isa = PBXBuildFile; fileRef = AAD953542884995B00591EE3 /* Constants.swift */; };
		AAD9535828849B9E00591EE3 /* RxCocoa in Frameworks */ = {isa = PBXBuildFile; productRef = AAD9535728849B9E00591EE3 /* RxCocoa */; };
		AAD9535A28849B9E00591EE3 /* RxSwift in Frameworks */ = {isa = PBXBuildFile; productRef = AAD9535928849B9E00591EE3 /* RxSwift */; };
		AAD9535D28849BC600591EE3 /* RxRelay in Frameworks */ = {isa = PBXBuildFile; productRef = AAD9535C28849BC600591EE3 /* RxRelay */; };
		AAD9536428849D4100591EE3 /* DetailModel.swift in Sources */ = {isa = PBXBuildFile; fileRef = AAD9536328849D4100591EE3 /* DetailModel.swift */; };
		AAD9536A28849E1200591EE3 /* DetailViewModel.swift in Sources */ = {isa = PBXBuildFile; fileRef = AAD9536928849E1200591EE3 /* DetailViewModel.swift */; };
		AAD9536C28849E2D00591EE3 /* DetailRouter.swift in Sources */ = {isa = PBXBuildFile; fileRef = AAD9536B28849E2D00591EE3 /* DetailRouter.swift */; };
		AAD9536F28849EEE00591EE3 /* DetailView.swift in Sources */ = {isa = PBXBuildFile; fileRef = AAD9536D28849EEE00591EE3 /* DetailView.swift */; };
		AAD9537028849EEE00591EE3 /* DetailView.xib in Resources */ = {isa = PBXBuildFile; fileRef = AAD9536E28849EEE00591EE3 /* DetailView.xib */; };
/* End PBXBuildFile section */

/* Begin PBXFileReference section */
		AA22DAAD2884B1B700A2E621 /* ExtHomeView.swift */ = {isa = PBXFileReference; lastKnownFileType = sourcecode.swift; path = ExtHomeView.swift; sourceTree = "<group>"; };
		AA8A2706287FCF88009DFF9B /* Films.app */ = {isa = PBXFileReference; explicitFileType = wrapper.application; includeInIndex = 0; path = Films.app; sourceTree = BUILT_PRODUCTS_DIR; };
		AA8A2709287FCF88009DFF9B /* AppDelegate.swift */ = {isa = PBXFileReference; lastKnownFileType = sourcecode.swift; path = AppDelegate.swift; sourceTree = "<group>"; };
		AA8A270B287FCF88009DFF9B /* SceneDelegate.swift */ = {isa = PBXFileReference; lastKnownFileType = sourcecode.swift; path = SceneDelegate.swift; sourceTree = "<group>"; };
		AA8A2712287FCF8A009DFF9B /* Assets.xcassets */ = {isa = PBXFileReference; lastKnownFileType = folder.assetcatalog; path = Assets.xcassets; sourceTree = "<group>"; };
		AA8A2715287FCF8A009DFF9B /* Base */ = {isa = PBXFileReference; lastKnownFileType = file.storyboard; name = Base; path = Base.lproj/LaunchScreen.storyboard; sourceTree = "<group>"; };
		AA8A2717287FCF8A009DFF9B /* Info.plist */ = {isa = PBXFileReference; lastKnownFileType = text.plist.xml; path = Info.plist; sourceTree = "<group>"; };
		AA8A2725287FD161009DFF9B /* HomeRouter.swift */ = {isa = PBXFileReference; lastKnownFileType = sourcecode.swift; path = HomeRouter.swift; sourceTree = "<group>"; };
		AA8A272A287FD32E009DFF9B /* HomeViewModel.swift */ = {isa = PBXFileReference; lastKnownFileType = sourcecode.swift; path = HomeViewModel.swift; sourceTree = "<group>"; };
		AA8A272C287FD34C009DFF9B /* HomeModel.swift */ = {isa = PBXFileReference; lastKnownFileType = sourcecode.swift; path = HomeModel.swift; sourceTree = "<group>"; };
		AA8A272F287FD4D3009DFF9B /* HomeView.swift */ = {isa = PBXFileReference; lastKnownFileType = sourcecode.swift; path = HomeView.swift; sourceTree = "<group>"; };
		AA8A2730287FD4D3009DFF9B /* HomeView.xib */ = {isa = PBXFileReference; lastKnownFileType = file.xib; path = HomeView.xib; sourceTree = "<group>"; };
		AAD953542884995B00591EE3 /* Constants.swift */ = {isa = PBXFileReference; lastKnownFileType = sourcecode.swift; path = Constants.swift; sourceTree = "<group>"; };
		AAD9536328849D4100591EE3 /* DetailModel.swift */ = {isa = PBXFileReference; lastKnownFileType = sourcecode.swift; path = DetailModel.swift; sourceTree = "<group>"; };
		AAD9536928849E1200591EE3 /* DetailViewModel.swift */ = {isa = PBXFileReference; lastKnownFileType = sourcecode.swift; path = DetailViewModel.swift; sourceTree = "<group>"; };
		AAD9536B28849E2D00591EE3 /* DetailRouter.swift */ = {isa = PBXFileReference; lastKnownFileType = sourcecode.swift; path = DetailRouter.swift; sourceTree = "<group>"; };
		AAD9536D28849EEE00591EE3 /* DetailView.swift */ = {isa = PBXFileReference; lastKnownFileType = sourcecode.swift; path = DetailView.swift; sourceTree = "<group>"; };
		AAD9536E28849EEE00591EE3 /* DetailView.xib */ = {isa = PBXFileReference; lastKnownFileType = file.xib; path = DetailView.xib; sourceTree = "<group>"; };
/* End PBXFileReference section */

/* Begin PBXFrameworksBuildPhase section */
		AA8A2703287FCF88009DFF9B /* Frameworks */ = {
			isa = PBXFrameworksBuildPhase;
			buildActionMask = 2147483647;
			files = (
				AAD9535D28849BC600591EE3 /* RxRelay in Frameworks */,
				AAD9535A28849B9E00591EE3 /* RxSwift in Frameworks */,
				AAD9535828849B9E00591EE3 /* RxCocoa in Frameworks */,
			);
			runOnlyForDeploymentPostprocessing = 0;
		};
/* End PBXFrameworksBuildPhase section */

/* Begin PBXGroup section */
		AA8A26FD287FCF88009DFF9B = {
			isa = PBXGroup;
			children = (
				AA8A2708287FCF88009DFF9B /* Films */,
				AA8A2707287FCF88009DFF9B /* Products */,
			);
			sourceTree = "<group>";
		};
		AA8A2707287FCF88009DFF9B /* Products */ = {
			isa = PBXGroup;
			children = (
				AA8A2706287FCF88009DFF9B /* Films.app */,
			);
			name = Products;
			sourceTree = "<group>";
		};
		AA8A2708287FCF88009DFF9B /* Films */ = {
			isa = PBXGroup;
			children = (
				AA8A2709287FCF88009DFF9B /* AppDelegate.swift */,
				AA8A270B287FCF88009DFF9B /* SceneDelegate.swift */,
				AAD953542884995B00591EE3 /* Constants.swift */,
				AA8A271D287FCFE7009DFF9B /* Home */,
				AA8A271E287FCFED009DFF9B /* Detail */,
				AA8A2712287FCF8A009DFF9B /* Assets.xcassets */,
				AA8A2714287FCF8A009DFF9B /* LaunchScreen.storyboard */,
				AA8A2717287FCF8A009DFF9B /* Info.plist */,
			);
			path = Films;
			sourceTree = "<group>";
		};
		AA8A271D287FCFE7009DFF9B /* Home */ = {
			isa = PBXGroup;
			children = (
				AA8A2729287FD300009DFF9B /* Model */,
				AA8A2723287FD136009DFF9B /* View */,
				AA8A2728287FD2E8009DFF9B /* ViewModel */,
				AA8A2724287FD145009DFF9B /* Router */,
			);
			path = Home;
			sourceTree = "<group>";
		};
		AA8A271E287FCFED009DFF9B /* Detail */ = {
			isa = PBXGroup;
			children = (
				AAD9536228849D2500591EE3 /* Model */,
				AAD9536128849D1A00591EE3 /* View */,
				AAD9536028849D1400591EE3 /* ViewModel */,
				AAD9535F28849D0F00591EE3 /* Router */,
			);
			path = Detail;
			sourceTree = "<group>";
		};
		AA8A2723287FD136009DFF9B /* View */ = {
			isa = PBXGroup;
			children = (
				AA8A272F287FD4D3009DFF9B /* HomeView.swift */,
				AA8A2730287FD4D3009DFF9B /* HomeView.xib */,
				AA22DAAD2884B1B700A2E621 /* ExtHomeView.swift */,
			);
			path = View;
			sourceTree = "<group>";
		};
		AA8A2724287FD145009DFF9B /* Router */ = {
			isa = PBXGroup;
			children = (
				AA8A2725287FD161009DFF9B /* HomeRouter.swift */,
			);
			path = Router;
			sourceTree = "<group>";
		};
		AA8A2728287FD2E8009DFF9B /* ViewModel */ = {
			isa = PBXGroup;
			children = (
				AA8A272A287FD32E009DFF9B /* HomeViewModel.swift */,
			);
			path = ViewModel;
			sourceTree = "<group>";
		};
		AA8A2729287FD300009DFF9B /* Model */ = {
			isa = PBXGroup;
			children = (
				AA8A272C287FD34C009DFF9B /* HomeModel.swift */,
			);
			path = Model;
			sourceTree = "<group>";
		};
		AAD9535F28849D0F00591EE3 /* Router */ = {
			isa = PBXGroup;
			children = (
				AAD9536B28849E2D00591EE3 /* DetailRouter.swift */,
			);
			path = Router;
			sourceTree = "<group>";
		};
		AAD9536028849D1400591EE3 /* ViewModel */ = {
			isa = PBXGroup;
			children = (
				AAD9536928849E1200591EE3 /* DetailViewModel.swift */,
			);
			path = ViewModel;
			sourceTree = "<group>";
		};
		AAD9536128849D1A00591EE3 /* View */ = {
			isa = PBXGroup;
			children = (
				AAD9536D28849EEE00591EE3 /* DetailView.swift */,
				AAD9536E28849EEE00591EE3 /* DetailView.xib */,
			);
			path = View;
			sourceTree = "<group>";
		};
		AAD9536228849D2500591EE3 /* Model */ = {
			isa = PBXGroup;
			children = (
				AAD9536328849D4100591EE3 /* DetailModel.swift */,
			);
			path = Model;
			sourceTree = "<group>";
		};
/* End PBXGroup section */

/* Begin PBXNativeTarget section */
		AA8A2705287FCF88009DFF9B /* Films */ = {
			isa = PBXNativeTarget;
			buildConfigurationList = AA8A271A287FCF8A009DFF9B /* Build configuration list for PBXNativeTarget "Films" */;
			buildPhases = (
				AA8A2702287FCF88009DFF9B /* Sources */,
				AA8A2703287FCF88009DFF9B /* Frameworks */,
				AA8A2704287FCF88009DFF9B /* Resources */,
				AA9A2E9F2882133600F966B3 /* Swiftlint */,
			);
			buildRules = (
			);
			dependencies = (
			);
			name = Films;
			packageProductDependencies = (
				AAD9535728849B9E00591EE3 /* RxCocoa */,
				AAD9535928849B9E00591EE3 /* RxSwift */,
				AAD9535C28849BC600591EE3 /* RxRelay */,
			);
			productName = Films;
			productReference = AA8A2706287FCF88009DFF9B /* Films.app */;
			productType = "com.apple.product-type.application";
		};
/* End PBXNativeTarget section */

/* Begin PBXProject section */
		AA8A26FE287FCF88009DFF9B /* Project object */ = {
			isa = PBXProject;
			attributes = {
				BuildIndependentTargetsInParallel = 1;
				LastSwiftUpdateCheck = 1340;
				LastUpgradeCheck = 1340;
				TargetAttributes = {
					AA8A2705287FCF88009DFF9B = {
						CreatedOnToolsVersion = 13.4.1;
					};
				};
			};
			buildConfigurationList = AA8A2701287FCF88009DFF9B /* Build configuration list for PBXProject "Films" */;
			compatibilityVersion = "Xcode 13.0";
			developmentRegion = en;
			hasScannedForEncodings = 0;
			knownRegions = (
				en,
				Base,
			);
			mainGroup = AA8A26FD287FCF88009DFF9B;
			packageReferences = (
				AAD9535628849B9E00591EE3 /* XCRemoteSwiftPackageReference "RxSwift" */,
				AAD9535B28849BC600591EE3 /* XCRemoteSwiftPackageReference "RxSwift" */,
			);
			productRefGroup = AA8A2707287FCF88009DFF9B /* Products */;
			projectDirPath = "";
			projectRoot = "";
			targets = (
				AA8A2705287FCF88009DFF9B /* Films */,
			);
		};
/* End PBXProject section */

/* Begin PBXResourcesBuildPhase section */
		AA8A2704287FCF88009DFF9B /* Resources */ = {
			isa = PBXResourcesBuildPhase;
			buildActionMask = 2147483647;
			files = (
				AA8A2716287FCF8A009DFF9B /* LaunchScreen.storyboard in Resources */,
				AAD9537028849EEE00591EE3 /* DetailView.xib in Resources */,
				AA8A2713287FCF8A009DFF9B /* Assets.xcassets in Resources */,
				AA8A2732287FD4D3009DFF9B /* HomeView.xib in Resources */,
			);
			runOnlyForDeploymentPostprocessing = 0;
		};
/* End PBXResourcesBuildPhase section */

/* Begin PBXShellScriptBuildPhase section */
		AA9A2E9F2882133600F966B3 /* Swiftlint */ = {
			isa = PBXShellScriptBuildPhase;
			buildActionMask = 2147483647;
			files = (
			);
			inputFileListPaths = (
			);
			inputPaths = (
			);
			name = Swiftlint;
			outputFileListPaths = (
			);
			outputPaths = (
			);
			runOnlyForDeploymentPostprocessing = 0;
			shellPath = /bin/sh;
			shellScript = "# Type a script or drag a script file from your workspace to insert its path.\nif which swiftlint >/dev/null; then\n    swiftlint\nelse\n    echo \"warning: SwiftLint not installed, download from https://github.com/realm/SwiftLint\"\nfi\n";
		};
/* End PBXShellScriptBuildPhase section */

/* Begin PBXSourcesBuildPhase section */
		AA8A2702287FCF88009DFF9B /* Sources */ = {
			isa = PBXSourcesBuildPhase;
			buildActionMask = 2147483647;
			files = (
				AAD9536C28849E2D00591EE3 /* DetailRouter.swift in Sources */,
				AAD9536428849D4100591EE3 /* DetailModel.swift in Sources */,
				AA8A270A287FCF88009DFF9B /* AppDelegate.swift in Sources */,
				AAD9536A28849E1200591EE3 /* DetailViewModel.swift in Sources */,
				AA8A2726287FD161009DFF9B /* HomeRouter.swift in Sources */,
				AAD9536F28849EEE00591EE3 /* DetailView.swift in Sources */,
				AA8A272D287FD34C009DFF9B /* HomeModel.swift in Sources */,
				AA8A2731287FD4D3009DFF9B /* HomeView.swift in Sources */,
				AAD953552884995B00591EE3 /* Constants.swift in Sources */,
				AA22DAAE2884B1B700A2E621 /* ExtHomeView.swift in Sources */,
				AA8A270C287FCF88009DFF9B /* SceneDelegate.swift in Sources */,
				AA8A272B287FD32E009DFF9B /* HomeViewModel.swift in Sources */,
			);
			runOnlyForDeploymentPostprocessing = 0;
		};
/* End PBXSourcesBuildPhase section */

/* Begin PBXVariantGroup section */
		AA8A2714287FCF8A009DFF9B /* LaunchScreen.storyboard */ = {
			isa = PBXVariantGroup;
			children = (
				AA8A2715287FCF8A009DFF9B /* Base */,
			);
			name = LaunchScreen.storyboard;
			sourceTree = "<group>";
		};
/* End PBXVariantGroup section */

/* Begin XCBuildConfiguration section */
		AA8A2718287FCF8A009DFF9B /* Debug */ = {
			isa = XCBuildConfiguration;
			buildSettings = {
				ALWAYS_SEARCH_USER_PATHS = NO;
				CLANG_ANALYZER_NONNULL = YES;
				CLANG_ANALYZER_NUMBER_OBJECT_CONVERSION = YES_AGGRESSIVE;
				CLANG_CXX_LANGUAGE_STANDARD = "gnu++17";
				CLANG_ENABLE_MODULES = YES;
				CLANG_ENABLE_OBJC_ARC = YES;
				CLANG_ENABLE_OBJC_WEAK = YES;
				CLANG_WARN_BLOCK_CAPTURE_AUTORELEASING = YES;
				CLANG_WARN_BOOL_CONVERSION = YES;
				CLANG_WARN_COMMA = YES;
				CLANG_WARN_CONSTANT_CONVERSION = YES;
				CLANG_WARN_DEPRECATED_OBJC_IMPLEMENTATIONS = YES;
				CLANG_WARN_DIRECT_OBJC_ISA_USAGE = YES_ERROR;
				CLANG_WARN_DOCUMENTATION_COMMENTS = YES;
				CLANG_WARN_EMPTY_BODY = YES;
				CLANG_WARN_ENUM_CONVERSION = YES;
				CLANG_WARN_INFINITE_RECURSION = YES;
				CLANG_WARN_INT_CONVERSION = YES;
				CLANG_WARN_NON_LITERAL_NULL_CONVERSION = YES;
				CLANG_WARN_OBJC_IMPLICIT_RETAIN_SELF = YES;
				CLANG_WARN_OBJC_LITERAL_CONVERSION = YES;
				CLANG_WARN_OBJC_ROOT_CLASS = YES_ERROR;
				CLANG_WARN_QUOTED_INCLUDE_IN_FRAMEWORK_HEADER = YES;
				CLANG_WARN_RANGE_LOOP_ANALYSIS = YES;
				CLANG_WARN_STRICT_PROTOTYPES = YES;
				CLANG_WARN_SUSPICIOUS_MOVE = YES;
				CLANG_WARN_UNGUARDED_AVAILABILITY = YES_AGGRESSIVE;
				CLANG_WARN_UNREACHABLE_CODE = YES;
				CLANG_WARN__DUPLICATE_METHOD_MATCH = YES;
				COPY_PHASE_STRIP = NO;
				DEBUG_INFORMATION_FORMAT = dwarf;
				ENABLE_STRICT_OBJC_MSGSEND = YES;
				ENABLE_TESTABILITY = YES;
				GCC_C_LANGUAGE_STANDARD = gnu11;
				GCC_DYNAMIC_NO_PIC = NO;
				GCC_NO_COMMON_BLOCKS = YES;
				GCC_OPTIMIZATION_LEVEL = 0;
				GCC_PREPROCESSOR_DEFINITIONS = (
					"DEBUG=1",
					"$(inherited)",
				);
				GCC_WARN_64_TO_32_BIT_CONVERSION = YES;
				GCC_WARN_ABOUT_RETURN_TYPE = YES_ERROR;
				GCC_WARN_UNDECLARED_SELECTOR = YES;
				GCC_WARN_UNINITIALIZED_AUTOS = YES_AGGRESSIVE;
				GCC_WARN_UNUSED_FUNCTION = YES;
				GCC_WARN_UNUSED_VARIABLE = YES;
				IPHONEOS_DEPLOYMENT_TARGET = 15.5;
				MTL_ENABLE_DEBUG_INFO = INCLUDE_SOURCE;
				MTL_FAST_MATH = YES;
				ONLY_ACTIVE_ARCH = YES;
				SDKROOT = iphoneos;
				SWIFT_ACTIVE_COMPILATION_CONDITIONS = DEBUG;
				SWIFT_OPTIMIZATION_LEVEL = "-Onone";
			};
			name = Debug;
		};
		AA8A2719287FCF8A009DFF9B /* Release */ = {
			isa = XCBuildConfiguration;
			buildSettings = {
				ALWAYS_SEARCH_USER_PATHS = NO;
				CLANG_ANALYZER_NONNULL = YES;
				CLANG_ANALYZER_NUMBER_OBJECT_CONVERSION = YES_AGGRESSIVE;
				CLANG_CXX_LANGUAGE_STANDARD = "gnu++17";
				CLANG_ENABLE_MODULES = YES;
				CLANG_ENABLE_OBJC_ARC = YES;
				CLANG_ENABLE_OBJC_WEAK = YES;
				CLANG_WARN_BLOCK_CAPTURE_AUTORELEASING = YES;
				CLANG_WARN_BOOL_CONVERSION = YES;
				CLANG_WARN_COMMA = YES;
				CLANG_WARN_CONSTANT_CONVERSION = YES;
				CLANG_WARN_DEPRECATED_OBJC_IMPLEMENTATIONS = YES;
				CLANG_WARN_DIRECT_OBJC_ISA_USAGE = YES_ERROR;
				CLANG_WARN_DOCUMENTATION_COMMENTS = YES;
				CLANG_WARN_EMPTY_BODY = YES;
				CLANG_WARN_ENUM_CONVERSION = YES;
				CLANG_WARN_INFINITE_RECURSION = YES;
				CLANG_WARN_INT_CONVERSION = YES;
				CLANG_WARN_NON_LITERAL_NULL_CONVERSION = YES;
				CLANG_WARN_OBJC_IMPLICIT_RETAIN_SELF = YES;
				CLANG_WARN_OBJC_LITERAL_CONVERSION = YES;
				CLANG_WARN_OBJC_ROOT_CLASS = YES_ERROR;
				CLANG_WARN_QUOTED_INCLUDE_IN_FRAMEWORK_HEADER = YES;
				CLANG_WARN_RANGE_LOOP_ANALYSIS = YES;
				CLANG_WARN_STRICT_PROTOTYPES = YES;
				CLANG_WARN_SUSPICIOUS_MOVE = YES;
				CLANG_WARN_UNGUARDED_AVAILABILITY = YES_AGGRESSIVE;
				CLANG_WARN_UNREACHABLE_CODE = YES;
				CLANG_WARN__DUPLICATE_METHOD_MATCH = YES;
				COPY_PHASE_STRIP = NO;
				DEBUG_INFORMATION_FORMAT = "dwarf-with-dsym";
				ENABLE_NS_ASSERTIONS = NO;
				ENABLE_STRICT_OBJC_MSGSEND = YES;
				GCC_C_LANGUAGE_STANDARD = gnu11;
				GCC_NO_COMMON_BLOCKS = YES;
				GCC_WARN_64_TO_32_BIT_CONVERSION = YES;
				GCC_WARN_ABOUT_RETURN_TYPE = YES_ERROR;
				GCC_WARN_UNDECLARED_SELECTOR = YES;
				GCC_WARN_UNINITIALIZED_AUTOS = YES_AGGRESSIVE;
				GCC_WARN_UNUSED_FUNCTION = YES;
				GCC_WARN_UNUSED_VARIABLE = YES;
				IPHONEOS_DEPLOYMENT_TARGET = 15.5;
				MTL_ENABLE_DEBUG_INFO = NO;
				MTL_FAST_MATH = YES;
				SDKROOT = iphoneos;
				SWIFT_COMPILATION_MODE = wholemodule;
				SWIFT_OPTIMIZATION_LEVEL = "-O";
				VALIDATE_PRODUCT = YES;
			};
			name = Release;
		};
		AA8A271B287FCF8A009DFF9B /* Debug */ = {
			isa = XCBuildConfiguration;
			buildSettings = {
				ASSETCATALOG_COMPILER_APPICON_NAME = AppIcon;
				ASSETCATALOG_COMPILER_GLOBAL_ACCENT_COLOR_NAME = AccentColor;
				CODE_SIGN_STYLE = Automatic;
				CURRENT_PROJECT_VERSION = 1;
				DEVELOPMENT_TEAM = 9TPTHP2V2G;
				GENERATE_INFOPLIST_FILE = YES;
				INFOPLIST_FILE = Films/Info.plist;
				INFOPLIST_KEY_UIApplicationSupportsIndirectInputEvents = YES;
				INFOPLIST_KEY_UILaunchStoryboardName = LaunchScreen;
				INFOPLIST_KEY_UISupportedInterfaceOrientations_iPad = "UIInterfaceOrientationPortrait UIInterfaceOrientationPortraitUpsideDown UIInterfaceOrientationLandscapeLeft UIInterfaceOrientationLandscapeRight";
				INFOPLIST_KEY_UISupportedInterfaceOrientations_iPhone = "UIInterfaceOrientationPortrait UIInterfaceOrientationLandscapeLeft UIInterfaceOrientationLandscapeRight";
				LD_RUNPATH_SEARCH_PATHS = (
					"$(inherited)",
					"@executable_path/Frameworks",
				);
				MARKETING_VERSION = 1.0;
				PRODUCT_BUNDLE_IDENTIFIER = com.bugsoft.Films;
				PRODUCT_NAME = "$(TARGET_NAME)";
				SWIFT_EMIT_LOC_STRINGS = YES;
				SWIFT_VERSION = 5.0;
				TARGETED_DEVICE_FAMILY = "1,2";
			};
			name = Debug;
		};
		AA8A271C287FCF8A009DFF9B /* Release */ = {
			isa = XCBuildConfiguration;
			buildSettings = {
				ASSETCATALOG_COMPILER_APPICON_NAME = AppIcon;
				ASSETCATALOG_COMPILER_GLOBAL_ACCENT_COLOR_NAME = AccentColor;
				CODE_SIGN_STYLE = Automatic;
				CURRENT_PROJECT_VERSION = 1;
				DEVELOPMENT_TEAM = 9TPTHP2V2G;
				GENERATE_INFOPLIST_FILE = YES;
				INFOPLIST_FILE = Films/Info.plist;
				INFOPLIST_KEY_UIApplicationSupportsIndirectInputEvents = YES;
				INFOPLIST_KEY_UILaunchStoryboardName = LaunchScreen;
				INFOPLIST_KEY_UISupportedInterfaceOrientations_iPad = "UIInterfaceOrientationPortrait UIInterfaceOrientationPortraitUpsideDown UIInterfaceOrientationLandscapeLeft UIInterfaceOrientationLandscapeRight";
				INFOPLIST_KEY_UISupportedInterfaceOrientations_iPhone = "UIInterfaceOrientationPortrait UIInterfaceOrientationLandscapeLeft UIInterfaceOrientationLandscapeRight";
				LD_RUNPATH_SEARCH_PATHS = (
					"$(inherited)",
					"@executable_path/Frameworks",
				);
				MARKETING_VERSION = 1.0;
				PRODUCT_BUNDLE_IDENTIFIER = com.bugsoft.Films;
				PRODUCT_NAME = "$(TARGET_NAME)";
				SWIFT_EMIT_LOC_STRINGS = YES;
				SWIFT_VERSION = 5.0;
				TARGETED_DEVICE_FAMILY = "1,2";
			};
			name = Release;
		};
/* End XCBuildConfiguration section */

/* Begin XCConfigurationList section */
		AA8A2701287FCF88009DFF9B /* Build configuration list for PBXProject "Films" */ = {
			isa = XCConfigurationList;
			buildConfigurations = (
				AA8A2718287FCF8A009DFF9B /* Debug */,
				AA8A2719287FCF8A009DFF9B /* Release */,
			);
			defaultConfigurationIsVisible = 0;
			defaultConfigurationName = Release;
		};
		AA8A271A287FCF8A009DFF9B /* Build configuration list for PBXNativeTarget "Films" */ = {
			isa = XCConfigurationList;
			buildConfigurations = (
				AA8A271B287FCF8A009DFF9B /* Debug */,
				AA8A271C287FCF8A009DFF9B /* Release */,
			);
			defaultConfigurationIsVisible = 0;
			defaultConfigurationName = Release;
		};
/* End XCConfigurationList section */

/* Begin XCRemoteSwiftPackageReference section */
		AAD9535628849B9E00591EE3 /* XCRemoteSwiftPackageReference "RxSwift" */ = {
			isa = XCRemoteSwiftPackageReference;
			repositoryURL = "https://github.com/ReactiveX/RxSwift.git";
			requirement = {
				kind = upToNextMajorVersion;
				minimumVersion = 6.0.0;
			};
		};
		AAD9535B28849BC600591EE3 /* XCRemoteSwiftPackageReference "RxSwift" */ = {
			isa = XCRemoteSwiftPackageReference;
			repositoryURL = "https://github.com/ReactiveX/RxSwift.git";
			requirement = {
				branch = main;
				kind = branch;
			};
		};
/* End XCRemoteSwiftPackageReference section */

/* Begin XCSwiftPackageProductDependency section */
		AAD9535728849B9E00591EE3 /* RxCocoa */ = {
			isa = XCSwiftPackageProductDependency;
			package = AAD9535628849B9E00591EE3 /* XCRemoteSwiftPackageReference "RxSwift" */;
			productName = RxCocoa;
		};
		AAD9535928849B9E00591EE3 /* RxSwift */ = {
			isa = XCSwiftPackageProductDependency;
			package = AAD9535628849B9E00591EE3 /* XCRemoteSwiftPackageReference "RxSwift" */;
			productName = RxSwift;
		};
		AAD9535C28849BC600591EE3 /* RxRelay */ = {
			isa = XCSwiftPackageProductDependency;
			package = AAD9535B28849BC600591EE3 /* XCRemoteSwiftPackageReference "RxSwift" */;
			productName = RxRelay;
		};
/* End XCSwiftPackageProductDependency section */
	};
	rootObject = AA8A26FE287FCF88009DFF9B /* Project object */;
}
